// !$*UTF8*$!
{
	archiveVersion = 1;
	classes = {
	};
	objectVersion = 46;
	objects = {

/* Begin PBXBuildFile section */
		07DC9E4F1D8BA36B0060380B /* AppDelegate.swift in Sources */ = {isa = PBXBuildFile; fileRef = 07DC9E4E1D8BA36B0060380B /* AppDelegate.swift */; };
		07DC9E511D8BA36B0060380B /* ViewController.swift in Sources */ = {isa = PBXBuildFile; fileRef = 07DC9E501D8BA36B0060380B /* ViewController.swift */; };
		07DC9E541D8BA36B0060380B /* Main.storyboard in Resources */ = {isa = PBXBuildFile; fileRef = 07DC9E521D8BA36B0060380B /* Main.storyboard */; };
		07DC9E561D8BA36B0060380B /* Assets.xcassets in Resources */ = {isa = PBXBuildFile; fileRef = 07DC9E551D8BA36B0060380B /* Assets.xcassets */; };
		07DC9E591D8BA36B0060380B /* LaunchScreen.storyboard in Resources */ = {isa = PBXBuildFile; fileRef = 07DC9E571D8BA36B0060380B /* LaunchScreen.storyboard */; };
		07DC9E641D8BA36C0060380B /* rpgapp2Tests.swift in Sources */ = {isa = PBXBuildFile; fileRef = 07DC9E631D8BA36C0060380B /* rpgapp2Tests.swift */; };
		07DC9E6F1D8BA36C0060380B /* rpgapp2UITests.swift in Sources */ = {isa = PBXBuildFile; fileRef = 07DC9E6E1D8BA36C0060380B /* rpgapp2UITests.swift */; };
/* End PBXBuildFile section */

/* Begin PBXContainerItemProxy section */
		07DC9E601D8BA36B0060380B /* PBXContainerItemProxy */ = {
			isa = PBXContainerItemProxy;
			containerPortal = 07DC9E431D8BA36B0060380B /* Project object */;
			proxyType = 1;
			remoteGlobalIDString = 07DC9E4A1D8BA36B0060380B;
			remoteInfo = rpgapp2;
		};
		07DC9E6B1D8BA36C0060380B /* PBXContainerItemProxy */ = {
			isa = PBXContainerItemProxy;
			containerPortal = 07DC9E431D8BA36B0060380B /* Project object */;
			proxyType = 1;
			remoteGlobalIDString = 07DC9E4A1D8BA36B0060380B;
			remoteInfo = rpgapp2;
		};
/* End PBXContainerItemProxy section */

/* Begin PBXFileReference section */
		07DC9E4B1D8BA36B0060380B /* rpgapp2.app */ = {isa = PBXFileReference; explicitFileType = wrapper.application; includeInIndex = 0; path = rpgapp2.app; sourceTree = BUILT_PRODUCTS_DIR; };
		07DC9E4E1D8BA36B0060380B /* AppDelegate.swift */ = {isa = PBXFileReference; lastKnownFileType = sourcecode.swift; path = AppDelegate.swift; sourceTree = "<group>"; };
		07DC9E501D8BA36B0060380B /* ViewController.swift */ = {isa = PBXFileReference; lastKnownFileType = sourcecode.swift; path = ViewController.swift; sourceTree = "<group>"; };
		07DC9E531D8BA36B0060380B /* Base */ = {isa = PBXFileReference; lastKnownFileType = file.storyboard; name = Base; path = Base.lproj/Main.storyboard; sourceTree = "<group>"; };
		07DC9E551D8BA36B0060380B /* Assets.xcassets */ = {isa = PBXFileReference; lastKnownFileType = folder.assetcatalog; path = Assets.xcassets; sourceTree = "<group>"; };
		07DC9E581D8BA36B0060380B /* Base */ = {isa = PBXFileReference; lastKnownFileType = file.storyboard; name = Base; path = Base.lproj/LaunchScreen.storyboard; sourceTree = "<group>"; };
		07DC9E5A1D8BA36B0060380B /* Info.plist */ = {isa = PBXFileReference; lastKnownFileType = text.plist.xml; path = Info.plist; sourceTree = "<group>"; };
		07DC9E5F1D8BA36B0060380B /* rpgapp2Tests.xctest */ = {isa = PBXFileReference; explicitFileType = wrapper.cfbundle; includeInIndex = 0; path = rpgapp2Tests.xctest; sourceTree = BUILT_PRODUCTS_DIR; };
		07DC9E631D8BA36C0060380B /* rpgapp2Tests.swift */ = {isa = PBXFileReference; lastKnownFileType = sourcecode.swift; path = rpgapp2Tests.swift; sourceTree = "<group>"; };
		07DC9E651D8BA36C0060380B /* Info.plist */ = {isa = PBXFileReference; lastKnownFileType = text.plist.xml; path = Info.plist; sourceTree = "<group>"; };
		07DC9E6A1D8BA36C0060380B /* rpgapp2UITests.xctest */ = {isa = PBXFileReference; explicitFileType = wrapper.cfbundle; includeInIndex = 0; path = rpgapp2UITests.xctest; sourceTree = BUILT_PRODUCTS_DIR; };
		07DC9E6E1D8BA36C0060380B /* rpgapp2UITests.swift */ = {isa = PBXFileReference; lastKnownFileType = sourcecode.swift; path = rpgapp2UITests.swift; sourceTree = "<group>"; };
		07DC9E701D8BA36C0060380B /* Info.plist */ = {isa = PBXFileReference; lastKnownFileType = text.plist.xml; path = Info.plist; sourceTree = "<group>"; };
/* End PBXFileReference section */

/* Begin PBXFrameworksBuildPhase section */
		07DC9E481D8BA36B0060380B /* Frameworks */ = {
			isa = PBXFrameworksBuildPhase;
			buildActionMask = 2147483647;
			files = (
			);
			runOnlyForDeploymentPostprocessing = 0;
		};
		07DC9E5C1D8BA36B0060380B /* Frameworks */ = {
			isa = PBXFrameworksBuildPhase;
			buildActionMask = 2147483647;
			files = (
			);
			runOnlyForDeploymentPostprocessing = 0;
		};
		07DC9E671D8BA36C0060380B /* Frameworks */ = {
			isa = PBXFrameworksBuildPhase;
			buildActionMask = 2147483647;
			files = (
			);
			runOnlyForDeploymentPostprocessing = 0;
		};
/* End PBXFrameworksBuildPhase section */

/* Begin PBXGroup section */
		07DC9E421D8BA36B0060380B = {
			isa = PBXGroup;
			children = (
				07DC9E4D1D8BA36B0060380B /* rpgapp2 */,
				07DC9E621D8BA36C0060380B /* rpgapp2Tests */,
				07DC9E6D1D8BA36C0060380B /* rpgapp2UITests */,
				07DC9E4C1D8BA36B0060380B /* Products */,
			);
			sourceTree = "<group>";
		};
		07DC9E4C1D8BA36B0060380B /* Products */ = {
			isa = PBXGroup;
			children = (
				07DC9E4B1D8BA36B0060380B /* rpgapp2.app */,
				07DC9E5F1D8BA36B0060380B /* rpgapp2Tests.xctest */,
				07DC9E6A1D8BA36C0060380B /* rpgapp2UITests.xctest */,
			);
			name = Products;
			sourceTree = "<group>";
		};
		07DC9E4D1D8BA36B0060380B /* rpgapp2 */ = {
			isa = PBXGroup;
			children = (
				07DC9E4E1D8BA36B0060380B /* AppDelegate.swift */,
				07DC9E501D8BA36B0060380B /* ViewController.swift */,
				07DC9E521D8BA36B0060380B /* Main.storyboard */,
				07DC9E551D8BA36B0060380B /* Assets.xcassets */,
				07DC9E571D8BA36B0060380B /* LaunchScreen.storyboard */,
				07DC9E5A1D8BA36B0060380B /* Info.plist */,
			);
			path = rpgapp2;
			sourceTree = "<group>";
		};
		07DC9E621D8BA36C0060380B /* rpgapp2Tests */ = {
			isa = PBXGroup;
			children = (
				07DC9E631D8BA36C0060380B /* rpgapp2Tests.swift */,
				07DC9E651D8BA36C0060380B /* Info.plist */,
			);
			path = rpgapp2Tests;
			sourceTree = "<group>";
		};
		07DC9E6D1D8BA36C0060380B /* rpgapp2UITests */ = {
			isa = PBXGroup;
			children = (
				07DC9E6E1D8BA36C0060380B /* rpgapp2UITests.swift */,
				07DC9E701D8BA36C0060380B /* Info.plist */,
			);
			path = rpgapp2UITests;
			sourceTree = "<group>";
		};
/* End PBXGroup section */

/* Begin PBXNativeTarget section */
		07DC9E4A1D8BA36B0060380B /* rpgapp2 */ = {
			isa = PBXNativeTarget;
			buildConfigurationList = 07DC9E731D8BA36C0060380B /* Build configuration list for PBXNativeTarget "rpgapp2" */;
			buildPhases = (
				07DC9E471D8BA36B0060380B /* Sources */,
				07DC9E481D8BA36B0060380B /* Frameworks */,
				07DC9E491D8BA36B0060380B /* Resources */,
			);
			buildRules = (
			);
			dependencies = (
			);
			name = rpgapp2;
			productName = rpgapp2;
			productReference = 07DC9E4B1D8BA36B0060380B /* rpgapp2.app */;
			productType = "com.apple.product-type.application";
		};
		07DC9E5E1D8BA36B0060380B /* rpgapp2Tests */ = {
			isa = PBXNativeTarget;
			buildConfigurationList = 07DC9E761D8BA36C0060380B /* Build configuration list for PBXNativeTarget "rpgapp2Tests" */;
			buildPhases = (
				07DC9E5B1D8BA36B0060380B /* Sources */,
				07DC9E5C1D8BA36B0060380B /* Frameworks */,
				07DC9E5D1D8BA36B0060380B /* Resources */,
			);
			buildRules = (
			);
			dependencies = (
				07DC9E611D8BA36B0060380B /* PBXTargetDependency */,
			);
			name = rpgapp2Tests;
			productName = rpgapp2Tests;
			productReference = 07DC9E5F1D8BA36B0060380B /* rpgapp2Tests.xctest */;
			productType = "com.apple.product-type.bundle.unit-test";
		};
		07DC9E691D8BA36C0060380B /* rpgapp2UITests */ = {
			isa = PBXNativeTarget;
			buildConfigurationList = 07DC9E791D8BA36C0060380B /* Build configuration list for PBXNativeTarget "rpgapp2UITests" */;
			buildPhases = (
				07DC9E661D8BA36C0060380B /* Sources */,
				07DC9E671D8BA36C0060380B /* Frameworks */,
				07DC9E681D8BA36C0060380B /* Resources */,
			);
			buildRules = (
			);
			dependencies = (
				07DC9E6C1D8BA36C0060380B /* PBXTargetDependency */,
			);
			name = rpgapp2UITests;
			productName = rpgapp2UITests;
			productReference = 07DC9E6A1D8BA36C0060380B /* rpgapp2UITests.xctest */;
			productType = "com.apple.product-type.bundle.ui-testing";
		};
/* End PBXNativeTarget section */

/* Begin PBXProject section */
		07DC9E431D8BA36B0060380B /* Project object */ = {
			isa = PBXProject;
			attributes = {
				LastSwiftUpdateCheck = 0730;
				LastUpgradeCheck = 0730;
				ORGANIZATIONNAME = "Carlos Flores Guardado";
				TargetAttributes = {
					07DC9E4A1D8BA36B0060380B = {
						CreatedOnToolsVersion = 7.3.1;
					};
					07DC9E5E1D8BA36B0060380B = {
						CreatedOnToolsVersion = 7.3.1;
						TestTargetID = 07DC9E4A1D8BA36B0060380B;
					};
					07DC9E691D8BA36C0060380B = {
						CreatedOnToolsVersion = 7.3.1;
						TestTargetID = 07DC9E4A1D8BA36B0060380B;
					};
				};
			};
			buildConfigurationList = 07DC9E461D8BA36B0060380B /* Build configuration list for PBXProject "rpgapp2" */;
			compatibilityVersion = "Xcode 3.2";
			developmentRegion = English;
			hasScannedForEncodings = 0;
			knownRegions = (
				en,
				Base,
			);
			mainGroup = 07DC9E421D8BA36B0060380B;
			productRefGroup = 07DC9E4C1D8BA36B0060380B /* Products */;
			projectDirPath = "";
			projectRoot = "";
			targets = (
				07DC9E4A1D8BA36B0060380B /* rpgapp2 */,
				07DC9E5E1D8BA36B0060380B /* rpgapp2Tests */,
				07DC9E691D8BA36C0060380B /* rpgapp2UITests */,
			);
		};
/* End PBXProject section */

/* Begin PBXResourcesBuildPhase section */
		07DC9E491D8BA36B0060380B /* Resources */ = {
			isa = PBXResourcesBuildPhase;
			buildActionMask = 2147483647;
			files = (
				07DC9E591D8BA36B0060380B /* LaunchScreen.storyboard in Resources */,
				07DC9E561D8BA36B0060380B /* Assets.xcassets in Resources */,
				07DC9E541D8BA36B0060380B /* Main.storyboard in Resources */,
			);
			runOnlyForDeploymentPostprocessing = 0;
		};
		07DC9E5D1D8BA36B0060380B /* Resources */ = {
			isa = PBXResourcesBuildPhase;
			buildActionMask = 2147483647;
			files = (
			);
			runOnlyForDeploymentPostprocessing = 0;
		};
		07DC9E681D8BA36C0060380B /* Resources */ = {
			isa = PBXResourcesBuildPhase;
			buildActionMask = 2147483647;
			files = (
			);
			runOnlyForDeploymentPostprocessing = 0;
		};
/* End PBXResourcesBuildPhase section */

/* Begin PBXSourcesBuildPhase section */
		07DC9E471D8BA36B0060380B /* Sources */ = {
			isa = PBXSourcesBuildPhase;
			buildActionMask = 2147483647;
			files = (
				07DC9E511D8BA36B0060380B /* ViewController.swift in Sources */,
				07DC9E4F1D8BA36B0060380B /* AppDelegate.swift in Sources */,
			);
			runOnlyForDeploymentPostprocessing = 0;
		};
		07DC9E5B1D8BA36B0060380B /* Sources */ = {
			isa = PBXSourcesBuildPhase;
			buildActionMask = 2147483647;
			files = (
				07DC9E641D8BA36C0060380B /* rpgapp2Tests.swift in Sources */,
			);
			runOnlyForDeploymentPostprocessing = 0;
		};
		07DC9E661D8BA36C0060380B /* Sources */ = {
			isa = PBXSourcesBuildPhase;
			buildActionMask = 2147483647;
			files = (
				07DC9E6F1D8BA36C0060380B /* rpgapp2UITests.swift in Sources */,
			);
			runOnlyForDeploymentPostprocessing = 0;
		};
/* End PBXSourcesBuildPhase section */

/* Begin PBXTargetDependency section */
		07DC9E611D8BA36B0060380B /* PBXTargetDependency */ = {
			isa = PBXTargetDependency;
			target = 07DC9E4A1D8BA36B0060380B /* rpgapp2 */;
			targetProxy = 07DC9E601D8BA36B0060380B /* PBXContainerItemProxy */;
		};
		07DC9E6C1D8BA36C0060380B /* PBXTargetDependency */ = {
			isa = PBXTargetDependency;
			target = 07DC9E4A1D8BA36B0060380B /* rpgapp2 */;
			targetProxy = 07DC9E6B1D8BA36C0060380B /* PBXContainerItemProxy */;
		};
/* End PBXTargetDependency section */

/* Begin PBXVariantGroup section */
		07DC9E521D8BA36B0060380B /* Main.storyboard */ = {
			isa = PBXVariantGroup;
			children = (
				07DC9E531D8BA36B0060380B /* Base */,
			);
			name = Main.storyboard;
			sourceTree = "<group>";
		};
		07DC9E571D8BA36B0060380B /* LaunchScreen.storyboard */ = {
			isa = PBXVariantGroup;
			children = (
				07DC9E581D8BA36B0060380B /* Base */,
			);
			name = LaunchScreen.storyboard;
			sourceTree = "<group>";
		};
/* End PBXVariantGroup section */

/* Begin XCBuildConfiguration section */
		07DC9E711D8BA36C0060380B /* Debug */ = {
			isa = XCBuildConfiguration;
			buildSettings = {
				ALWAYS_SEARCH_USER_PATHS = NO;
				CLANG_ANALYZER_NONNULL = YES;
				CLANG_CXX_LANGUAGE_STANDARD = "gnu++0x";
				CLANG_CXX_LIBRARY = "libc++";
				CLANG_ENABLE_MODULES = YES;
				CLANG_ENABLE_OBJC_ARC = YES;
				CLANG_WARN_BOOL_CONVERSION = YES;
				CLANG_WARN_CONSTANT_CONVERSION = YES;
				CLANG_WARN_DIRECT_OBJC_ISA_USAGE = YES_ERROR;
				CLANG_WARN_EMPTY_BODY = YES;
				CLANG_WARN_ENUM_CONVERSION = YES;
				CLANG_WARN_INT_CONVERSION = YES;
				CLANG_WARN_OBJC_ROOT_CLASS = YES_ERROR;
				CLANG_WARN_UNREACHABLE_CODE = YES;
				CLANG_WARN__DUPLICATE_METHOD_MATCH = YES;
				"CODE_SIGN_IDENTITY[sdk=iphoneos*]" = "iPhone Developer";
				COPY_PHASE_STRIP = NO;
				DEBUG_INFORMATION_FORMAT = dwarf;
				ENABLE_STRICT_OBJC_MSGSEND = YES;
				ENABLE_TESTABILITY = YES;
				GCC_C_LANGUAGE_STANDARD = gnu99;
				GCC_DYNAMIC_NO_PIC = NO;
				GCC_NO_COMMON_BLOCKS = YES;
				GCC_OPTIMIZATION_LEVEL = 0;
				GCC_PREPROCESSOR_DEFINITIONS = (
					"DEBUG=1",
					"$(inherited)",
				);
				GCC_WARN_64_TO_32_BIT_CONVERSION = YES;
				GCC_WARN_ABOUT_RETURN_TYPE = YES_ERROR;
				GCC_WARN_UNDECLARED_SELECTOR = YES;
				GCC_WARN_UNINITIALIZED_AUTOS = YES_AGGRESSIVE;
				GCC_WARN_UNUSED_FUNCTION = YES;
				GCC_WARN_UNUSED_VARIABLE = YES;
				IPHONEOS_DEPLOYMENT_TARGET = 9.3;
				MTL_ENABLE_DEBUG_INFO = YES;
				ONLY_ACTIVE_ARCH = YES;
				SDKROOT = iphoneos;
				SWIFT_OPTIMIZATION_LEVEL = "-Onone";
				TARGETED_DEVICE_FAMILY = "1,2";
			};
			name = Debug;
		};
		07DC9E721D8BA36C0060380B /* Release */ = {
			isa = XCBuildConfiguration;
			buildSettings = {
				ALWAYS_SEARCH_USER_PATHS = NO;
				CLANG_ANALYZER_NONNULL = YES;
				CLANG_CXX_LANGUAGE_STANDARD = "gnu++0x";
				CLANG_CXX_LIBRARY = "libc++";
				CLANG_ENABLE_MODULES = YES;
				CLANG_ENABLE_OBJC_ARC = YES;
				CLANG_WARN_BOOL_CONVERSION = YES;
				CLANG_WARN_CONSTANT_CONVERSION = YES;
				CLANG_WARN_DIRECT_OBJC_ISA_USAGE = YES_ERROR;
				CLANG_WARN_EMPTY_BODY = YES;
				CLANG_WARN_ENUM_CONVERSION = YES;
				CLANG_WARN_INT_CONVERSION = YES;
				CLANG_WARN_OBJC_ROOT_CLASS = YES_ERROR;
				CLANG_WARN_UNREACHABLE_CODE = YES;
				CLANG_WARN__DUPLICATE_METHOD_MATCH = YES;
				"CODE_SIGN_IDENTITY[sdk=iphoneos*]" = "iPhone Developer";
				COPY_PHASE_STRIP = NO;
				DEBUG_INFORMATION_FORMAT = "dwarf-with-dsym";
				ENABLE_NS_ASSERTIONS = NO;
				ENABLE_STRICT_OBJC_MSGSEND = YES;
				GCC_C_LANGUAGE_STANDARD = gnu99;
				GCC_NO_COMMON_BLOCKS = YES;
				GCC_WARN_64_TO_32_BIT_CONVERSION = YES;
				GCC_WARN_ABOUT_RETURN_TYPE = YES_ERROR;
				GCC_WARN_UNDECLARED_SELECTOR = YES;
				GCC_WARN_UNINITIALIZED_AUTOS = YES_AGGRESSIVE;
				GCC_WARN_UNUSED_FUNCTION = YES;
				GCC_WARN_UNUSED_VARIABLE = YES;
				IPHONEOS_DEPLOYMENT_TARGET = 9.3;
				MTL_ENABLE_DEBUG_INFO = NO;
				SDKROOT = iphoneos;
				TARGETED_DEVICE_FAMILY = "1,2";
				VALIDATE_PRODUCT = YES;
			};
			name = Release;
		};
		07DC9E741D8BA36C0060380B /* Debug */ = {
			isa = XCBuildConfiguration;
			buildSettings = {
				ASSETCATALOG_COMPILER_APPICON_NAME = AppIcon;
				INFOPLIST_FILE = rpgapp2/Info.plist;
				LD_RUNPATH_SEARCH_PATHS = "$(inherited) @executable_path/Frameworks";
				PRODUCT_BUNDLE_IDENTIFIER = com.cfg.rpgapp2;
				PRODUCT_NAME = "$(TARGET_NAME)";
			};
			name = Debug;
		};
		07DC9E751D8BA36C0060380B /* Release */ = {
			isa = XCBuildConfiguration;
			buildSettings = {
				ASSETCATALOG_COMPILER_APPICON_NAME = AppIcon;
				INFOPLIST_FILE = rpgapp2/Info.plist;
				LD_RUNPATH_SEARCH_PATHS = "$(inherited) @executable_path/Frameworks";
				PRODUCT_BUNDLE_IDENTIFIER = com.cfg.rpgapp2;
				PRODUCT_NAME = "$(TARGET_NAME)";
			};
			name = Release;
		};
		07DC9E771D8BA36C0060380B /* Debug */ = {
			isa = XCBuildConfiguration;
			buildSettings = {
				BUNDLE_LOADER = "$(TEST_HOST)";
				INFOPLIST_FILE = rpgapp2Tests/Info.plist;
				LD_RUNPATH_SEARCH_PATHS = "$(inherited) @executable_path/Frameworks @loader_path/Frameworks";
				PRODUCT_BUNDLE_IDENTIFIER = com.cfg.rpgapp2Tests;
				PRODUCT_NAME = "$(TARGET_NAME)";
				TEST_HOST = "$(BUILT_PRODUCTS_DIR)/rpgapp2.app/rpgapp2";
			};
			name = Debug;
		};
		07DC9E781D8BA36C0060380B /* Release */ = {
			isa = XCBuildConfiguration;
			buildSettings = {
				BUNDLE_LOADER = "$(TEST_HOST)";
				INFOPLIST_FILE = rpgapp2Tests/Info.plist;
				LD_RUNPATH_SEARCH_PATHS = "$(inherited) @executable_path/Frameworks @loader_path/Frameworks";
				PRODUCT_BUNDLE_IDENTIFIER = com.cfg.rpgapp2Tests;
				PRODUCT_NAME = "$(TARGET_NAME)";
				TEST_HOST = "$(BUILT_PRODUCTS_DIR)/rpgapp2.app/rpgapp2";
			};
			name = Release;
		};
		07DC9E7A1D8BA36C0060380B /* Debug */ = {
			isa = XCBuildConfiguration;
			buildSettings = {
				INFOPLIST_FILE = rpgapp2UITests/Info.plist;
				LD_RUNPATH_SEARCH_PATHS = "$(inherited) @executable_path/Frameworks @loader_path/Frameworks";
				PRODUCT_BUNDLE_IDENTIFIER = com.cfg.rpgapp2UITests;
				PRODUCT_NAME = "$(TARGET_NAME)";
				TEST_TARGET_NAME = rpgapp2;
			};
			name = Debug;
		};
		07DC9E7B1D8BA36C0060380B /* Release */ = {
			isa = XCBuildConfiguration;
			buildSettings = {
				INFOPLIST_FILE = rpgapp2UITests/Info.plist;
				LD_RUNPATH_SEARCH_PATHS = "$(inherited) @executable_path/Frameworks @loader_path/Frameworks";
				PRODUCT_BUNDLE_IDENTIFIER = com.cfg.rpgapp2UITests;
				PRODUCT_NAME = "$(TARGET_NAME)";
				TEST_TARGET_NAME = rpgapp2;
			};
			name = Release;
		};
/* End XCBuildConfiguration section */

/* Begin XCConfigurationList section */
		07DC9E461D8BA36B0060380B /* Build configuration list for PBXProject "rpgapp2" */ = {
			isa = XCConfigurationList;
			buildConfigurations = (
				07DC9E711D8BA36C0060380B /* Debug */,
				07DC9E721D8BA36C0060380B /* Release */,
			);
			defaultConfigurationIsVisible = 0;
			defaultConfigurationName = Release;
		};
		07DC9E731D8BA36C0060380B /* Build configuration list for PBXNativeTarget "rpgapp2" */ = {
			isa = XCConfigurationList;
			buildConfigurations = (
				07DC9E741D8BA36C0060380B /* Debug */,
				07DC9E751D8BA36C0060380B /* Release */,
			);
			defaultConfigurationIsVisible = 0;
		};
		07DC9E761D8BA36C0060380B /* Build configuration list for PBXNativeTarget "rpgapp2Tests" */ = {
			isa = XCConfigurationList;
			buildConfigurations = (
				07DC9E771D8BA36C0060380B /* Debug */,
				07DC9E781D8BA36C0060380B /* Release */,
			);
			defaultConfigurationIsVisible = 0;
		};
		07DC9E791D8BA36C0060380B /* Build configuration list for PBXNativeTarget "rpgapp2UITests" */ = {
			isa = XCConfigurationList;
			buildConfigurations = (
				07DC9E7A1D8BA36C0060380B /* Debug */,
				07DC9E7B1D8BA36C0060380B /* Release */,
			);
			defaultConfigurationIsVisible = 0;
		};
/* End XCConfigurationList section */
	};
	rootObject = 07DC9E431D8BA36B0060380B /* Project object */;
}
